
Microsoft Visual Studio Solution File, Format Version 12.00
# Visual Studio Version 16
VisualStudioVersion = 16.0.29911.84
MinimumVisualStudioVersion = 10.0.40219.1
Project("{9A19103F-16F7-4668-BE54-9A1E7A4F7556}") = "AdvertisementManagement", "AdvertisementManagement\AdvertisementManagement.csproj", "{93248CF9-A42B-422D-B79C-B19D4DB99FA4}"
EndProject
Project("{9A19103F-16F7-4668-BE54-9A1E7A4F7556}") = "RabbitMQManagement", "RabbitMQManagement\RabbitMQManagement.csproj", "{953C51FC-398E-4ACB-8B9F-6318B033ED45}"
EndProject
Project("{FAE04EC0-301F-11D3-BF4B-00C04F79EFBC}") = "AdvertismentManagementTests", "AdvertismentManagementTests\AdvertismentManagementTests.csproj", "{BD7DB30F-E3D4-45F7-B4DD-10EABD8254AA}"
EndProject
Global
	GlobalSection(SolutionConfigurationPlatforms) = preSolution
		Debug|Any CPU = Debug|Any CPU
		Debug|x64 = Debug|x64
		Release|Any CPU = Release|Any CPU
		Release|x64 = Release|x64
	EndGlobalSection
	GlobalSection(ProjectConfigurationPlatforms) = postSolution
		{93248CF9-A42B-422D-B79C-B19D4DB99FA4}.Debug|Any CPU.ActiveCfg = Debug|Any CPU
		{93248CF9-A42B-422D-B79C-B19D4DB99FA4}.Debug|Any CPU.Build.0 = Debug|Any CPU
		{93248CF9-A42B-422D-B79C-B19D4DB99FA4}.Debug|x64.ActiveCfg = Debug|Any CPU
		{93248CF9-A42B-422D-B79C-B19D4DB99FA4}.Debug|x64.Build.0 = Debug|Any CPU
		{93248CF9-A42B-422D-B79C-B19D4DB99FA4}.Release|Any CPU.ActiveCfg = Release|Any CPU
		{93248CF9-A42B-422D-B79C-B19D4DB99FA4}.Release|Any CPU.Build.0 = Release|Any CPU
		{93248CF9-A42B-422D-B79C-B19D4DB99FA4}.Release|x64.ActiveCfg = Release|Any CPU
		{93248CF9-A42B-422D-B79C-B19D4DB99FA4}.Release|x64.Build.0 = Release|Any CPU
		{953C51FC-398E-4ACB-8B9F-6318B033ED45}.Debug|Any CPU.ActiveCfg = Debug|Any CPU
		{953C51FC-398E-4ACB-8B9F-6318B033ED45}.Debug|Any CPU.Build.0 = Debug|Any CPU
		{953C51FC-398E-4ACB-8B9F-6318B033ED45}.Debug|x64.ActiveCfg = Debug|x64
		{953C51FC-398E-4ACB-8B9F-6318B033ED45}.Debug|x64.Build.0 = Debug|x64
		{953C51FC-398E-4ACB-8B9F-6318B033ED45}.Release|Any CPU.ActiveCfg = Release|Any CPU
		{953C51FC-398E-4ACB-8B9F-6318B033ED45}.Release|Any CPU.Build.0 = Release|Any CPU
		{953C51FC-398E-4ACB-8B9F-6318B033ED45}.Release|x64.ActiveCfg = Release|x64
		{953C51FC-398E-4ACB-8B9F-6318B033ED45}.Release|x64.Build.0 = Release|x64
		{BD7DB30F-E3D4-45F7-B4DD-10EABD8254AA}.Debug|Any CPU.ActiveCfg = Debug|Any CPU
		{BD7DB30F-E3D4-45F7-B4DD-10EABD8254AA}.Debug|Any CPU.Build.0 = Debug|Any CPU
		{BD7DB30F-E3D4-45F7-B4DD-10EABD8254AA}.Debug|x64.ActiveCfg = Debug|Any CPU
		{BD7DB30F-E3D4-45F7-B4DD-10EABD8254AA}.Debug|x64.Build.0 = Debug|Any CPU
		{BD7DB30F-E3D4-45F7-B4DD-10EABD8254AA}.Release|Any CPU.ActiveCfg = Release|Any CPU
		{BD7DB30F-E3D4-45F7-B4DD-10EABD8254AA}.Release|Any CPU.Build.0 = Release|Any CPU
		{BD7DB30F-E3D4-45F7-B4DD-10EABD8254AA}.Release|x64.ActiveCfg = Release|Any CPU
		{BD7DB30F-E3D4-45F7-B4DD-10EABD8254AA}.Release|x64.Build.0 = Release|Any CPU
	EndGlobalSection
	GlobalSection(SolutionProperties) = preSolution
		HideSolutionNode = FALSE
	EndGlobalSection
	GlobalSection(ExtensibilityGlobals) = postSolution
		SolutionGuid = {86702BE2-5A31-4AE2-8E3D-83D9AA6C4740}
	EndGlobalSection
EndGlobal
